
Microsoft Visual Studio Solution File, Format Version 12.00
# Visual Studio Version 16
VisualStudioVersion = 16.0.32228.343
MinimumVisualStudioVersion = 10.0.40219.1
Project("{9A19103F-16F7-4668-BE54-9A1E7A4F7556}") = "Business", "Business\Business.csproj", "{FCC22D75-A36B-4481-B144-AE5E4C23A3ED}"
EndProject
Project("{9A19103F-16F7-4668-BE54-9A1E7A4F7556}") = "DataAccess", "DataAccess\DataAccess.csproj", "{23879EE0-9260-4020-8F1E-17B1CA68EFB2}"
EndProject
Project("{9A19103F-16F7-4668-BE54-9A1E7A4F7556}") = "Entities", "Entities\Entities.csproj", "{030E803F-6EFC-47EB-BA4E-10218B69168B}"
EndProject
Project("{9A19103F-16F7-4668-BE54-9A1E7A4F7556}") = "Console", "ConsoleUI\Console.csproj", "{66611FB8-4026-42B3-BB8B-ADF51F43BA65}"
EndProject
Project("{FAE04EC0-301F-11D3-BF4B-00C04F79EFBC}") = "Core", "Core\Core.csproj", "{0C7E2D62-94AC-4E11-932F-EF92558491A9}"
EndProject
Global
	GlobalSection(SolutionConfigurationPlatforms) = preSolution
		Debug|Any CPU = Debug|Any CPU
		Release|Any CPU = Release|Any CPU
	EndGlobalSection
	GlobalSection(ProjectConfigurationPlatforms) = postSolution
		{FCC22D75-A36B-4481-B144-AE5E4C23A3ED}.Debug|Any CPU.ActiveCfg = Debug|Any CPU
		{FCC22D75-A36B-4481-B144-AE5E4C23A3ED}.Debug|Any CPU.Build.0 = Debug|Any CPU
		{FCC22D75-A36B-4481-B144-AE5E4C23A3ED}.Release|Any CPU.ActiveCfg = Release|Any CPU
		{FCC22D75-A36B-4481-B144-AE5E4C23A3ED}.Release|Any CPU.Build.0 = Release|Any CPU
		{23879EE0-9260-4020-8F1E-17B1CA68EFB2}.Debug|Any CPU.ActiveCfg = Debug|Any CPU
		{23879EE0-9260-4020-8F1E-17B1CA68EFB2}.Debug|Any CPU.Build.0 = Debug|Any CPU
		{23879EE0-9260-4020-8F1E-17B1CA68EFB2}.Release|Any CPU.ActiveCfg = Release|Any CPU
		{23879EE0-9260-4020-8F1E-17B1CA68EFB2}.Release|Any CPU.Build.0 = Release|Any CPU
		{030E803F-6EFC-47EB-BA4E-10218B69168B}.Debug|Any CPU.ActiveCfg = Debug|Any CPU
		{030E803F-6EFC-47EB-BA4E-10218B69168B}.Debug|Any CPU.Build.0 = Debug|Any CPU
		{030E803F-6EFC-47EB-BA4E-10218B69168B}.Release|Any CPU.ActiveCfg = Release|Any CPU
		{030E803F-6EFC-47EB-BA4E-10218B69168B}.Release|Any CPU.Build.0 = Release|Any CPU
		{66611FB8-4026-42B3-BB8B-ADF51F43BA65}.Debug|Any CPU.ActiveCfg = Debug|Any CPU
		{66611FB8-4026-42B3-BB8B-ADF51F43BA65}.Debug|Any CPU.Build.0 = Debug|Any CPU
		{66611FB8-4026-42B3-BB8B-ADF51F43BA65}.Release|Any CPU.ActiveCfg = Release|Any CPU
		{66611FB8-4026-42B3-BB8B-ADF51F43BA65}.Release|Any CPU.Build.0 = Release|Any CPU
		{0C7E2D62-94AC-4E11-932F-EF92558491A9}.Debug|Any CPU.ActiveCfg = Debug|Any CPU
		{0C7E2D62-94AC-4E11-932F-EF92558491A9}.Debug|Any CPU.Build.0 = Debug|Any CPU
		{0C7E2D62-94AC-4E11-932F-EF92558491A9}.Release|Any CPU.ActiveCfg = Release|Any CPU
		{0C7E2D62-94AC-4E11-932F-EF92558491A9}.Release|Any CPU.Build.0 = Release|Any CPU
	EndGlobalSection
	GlobalSection(SolutionProperties) = preSolution
		HideSolutionNode = FALSE
	EndGlobalSection
	GlobalSection(ExtensibilityGlobals) = postSolution
		SolutionGuid = {95F5199A-69F5-4DE7-A867-6848CF4F8D12}
	EndGlobalSection
EndGlobal
